
Microsoft Visual Studio Solution File, Format Version 12.00
# Visual Studio 14
VisualStudioVersion = 14.0.24720.0
MinimumVisualStudioVersion = 10.0.40219.1
Project("{F2A71F9B-5D33-465A-A702-920D77279786}") = "BotHost", "BotHost\BotHost.fsproj", "{610C230B-3608-48F6-8C37-C2FAC355820D}"
EndProject
Project("{F2A71F9B-5D33-465A-A702-920D77279786}") = "FsiSlackBot", "FsiSlackBot\FsiSlackBot.fsproj", "{F3E646CE-EA9D-479C-9372-B19F9CCC0569}"
EndProject
Global
	GlobalSection(SolutionConfigurationPlatforms) = preSolution
		Debug|Any CPU = Debug|Any CPU
		Release|Any CPU = Release|Any CPU
	EndGlobalSection
	GlobalSection(ProjectConfigurationPlatforms) = postSolution
		{610C230B-3608-48F6-8C37-C2FAC355820D}.Debug|Any CPU.ActiveCfg = Debug|Any CPU
		{610C230B-3608-48F6-8C37-C2FAC355820D}.Debug|Any CPU.Build.0 = Debug|Any CPU
		{610C230B-3608-48F6-8C37-C2FAC355820D}.Release|Any CPU.ActiveCfg = Release|Any CPU
		{610C230B-3608-48F6-8C37-C2FAC355820D}.Release|Any CPU.Build.0 = Release|Any CPU
		{F3E646CE-EA9D-479C-9372-B19F9CCC0569}.Debug|Any CPU.ActiveCfg = Debug|Any CPU
		{F3E646CE-EA9D-479C-9372-B19F9CCC0569}.Debug|Any CPU.Build.0 = Debug|Any CPU
		{F3E646CE-EA9D-479C-9372-B19F9CCC0569}.Release|Any CPU.ActiveCfg = Release|Any CPU
		{F3E646CE-EA9D-479C-9372-B19F9CCC0569}.Release|Any CPU.Build.0 = Release|Any CPU
	EndGlobalSection
	GlobalSection(SolutionProperties) = preSolution
		HideSolutionNode = FALSE
	EndGlobalSection
EndGlobal
